
Microsoft Visual Studio Solution File, Format Version 12.00
# Visual Studio 2012
Project("{F184B08F-C81C-45F6-A57F-5ABD9991F28F}") = "DAM Prover", "DAM Prover.vbproj", "{453A1940-DCC3-4BA1-877E-D9EAD2E6224F}"
EndProject
Project("{F184B08F-C81C-45F6-A57F-5ABD9991F28F}") = "Prover.Model", "DamProverModel\Prover.Model.vbproj", "{618AF5D8-A289-4EA0-9584-C411B213EF22}"
EndProject
Project("{F184B08F-C81C-45F6-A57F-5ABD9991F28F}") = "Prover.Client", "..\Prover.Client\Prover.Client.vbproj", "{CDB792D9-DA20-442D-A37F-BE10214E5EE3}"
EndProject
Project("{F184B08F-C81C-45F6-A57F-5ABD9991F28F}") = "Prover", "..\Prover\Prover.vbproj", "{F397CA27-EC97-4B98-B8CF-E60EB1F399B9}"
	ProjectSection(ProjectDependencies) = postProject
		{8C7E475A-15BB-477B-99F3-7B2ABF41E43F} = {8C7E475A-15BB-477B-99F3-7B2ABF41E43F}
	EndProjectSection
EndProject
Project("{F184B08F-C81C-45F6-A57F-5ABD9991F28F}") = "Prover.SerialProtocol", "..\serialprotocol\miSerialProtocol\Prover.SerialProtocol.vbproj", "{8C7E475A-15BB-477B-99F3-7B2ABF41E43F}"
EndProject
Project("{2150E333-8FDC-42A3-9474-1A3956D46DE8}") = "Instruments", "Instruments", "{2E135C7E-0FF4-4285-9ACA-B2918A908BB9}"
EndProject
Project("{2150E333-8FDC-42A3-9474-1A3956D46DE8}") = "Certificates", "Certificates", "{1112831E-4DA9-4889-B0F0-638DD5A2D3B3}"
EndProject
Project("{F184B08F-C81C-45F6-A57F-5ABD9991F28F}") = "Prover.Instruments.Data", "..\Prover.Instruments.Data\Prover.Instruments.Data.vbproj", "{4A9FB13D-8615-4FB5-858B-7ECB3F0DDEE0}"
EndProject
Project("{F184B08F-C81C-45F6-A57F-5ABD9991F28F}") = "Prover.Certificates.Data", "..\Prover.Certificates.Data\Prover.Certificates.Data.vbproj", "{7A6DDF54-F090-4FE3-8CB2-16775946A40E}"
EndProject
Project("{F184B08F-C81C-45F6-A57F-5ABD9991F28F}") = "Prover.Instruments", "..\Prover.Instruments\Prover.Instruments.vbproj", "{6290E240-4EF2-44DB-BCF7-2D58FDB99CCA}"
EndProject
Project("{F184B08F-C81C-45F6-A57F-5ABD9991F28F}") = "Prover.Console", "..\Prover.Console\Prover.Console.vbproj", "{D92FD400-5285-437D-BE4D-EAC1C6A40C25}"
EndProject
Global
	GlobalSection(SolutionConfigurationPlatforms) = preSolution
		Debug|Any CPU = Debug|Any CPU
		Release|Any CPU = Release|Any CPU
	EndGlobalSection
	GlobalSection(ProjectConfigurationPlatforms) = postSolution
		{453A1940-DCC3-4BA1-877E-D9EAD2E6224F}.Debug|Any CPU.ActiveCfg = Debug|Any CPU
		{453A1940-DCC3-4BA1-877E-D9EAD2E6224F}.Debug|Any CPU.Build.0 = Debug|Any CPU
		{453A1940-DCC3-4BA1-877E-D9EAD2E6224F}.Release|Any CPU.ActiveCfg = Release|Any CPU
		{453A1940-DCC3-4BA1-877E-D9EAD2E6224F}.Release|Any CPU.Build.0 = Release|Any CPU
		{618AF5D8-A289-4EA0-9584-C411B213EF22}.Debug|Any CPU.ActiveCfg = Debug|Any CPU
		{618AF5D8-A289-4EA0-9584-C411B213EF22}.Debug|Any CPU.Build.0 = Debug|Any CPU
		{618AF5D8-A289-4EA0-9584-C411B213EF22}.Release|Any CPU.ActiveCfg = Release|Any CPU
		{618AF5D8-A289-4EA0-9584-C411B213EF22}.Release|Any CPU.Build.0 = Release|Any CPU
		{CDB792D9-DA20-442D-A37F-BE10214E5EE3}.Debug|Any CPU.ActiveCfg = Debug|Any CPU
		{CDB792D9-DA20-442D-A37F-BE10214E5EE3}.Debug|Any CPU.Build.0 = Debug|Any CPU
		{CDB792D9-DA20-442D-A37F-BE10214E5EE3}.Release|Any CPU.ActiveCfg = Release|Any CPU
		{CDB792D9-DA20-442D-A37F-BE10214E5EE3}.Release|Any CPU.Build.0 = Release|Any CPU
		{F397CA27-EC97-4B98-B8CF-E60EB1F399B9}.Debug|Any CPU.ActiveCfg = Debug|Any CPU
		{F397CA27-EC97-4B98-B8CF-E60EB1F399B9}.Debug|Any CPU.Build.0 = Debug|Any CPU
		{F397CA27-EC97-4B98-B8CF-E60EB1F399B9}.Release|Any CPU.ActiveCfg = Release|Any CPU
		{F397CA27-EC97-4B98-B8CF-E60EB1F399B9}.Release|Any CPU.Build.0 = Release|Any CPU
		{8C7E475A-15BB-477B-99F3-7B2ABF41E43F}.Debug|Any CPU.ActiveCfg = Debug|Any CPU
		{8C7E475A-15BB-477B-99F3-7B2ABF41E43F}.Debug|Any CPU.Build.0 = Debug|Any CPU
		{8C7E475A-15BB-477B-99F3-7B2ABF41E43F}.Release|Any CPU.ActiveCfg = Release|Any CPU
		{8C7E475A-15BB-477B-99F3-7B2ABF41E43F}.Release|Any CPU.Build.0 = Release|Any CPU
		{4A9FB13D-8615-4FB5-858B-7ECB3F0DDEE0}.Debug|Any CPU.ActiveCfg = Debug|Any CPU
		{4A9FB13D-8615-4FB5-858B-7ECB3F0DDEE0}.Debug|Any CPU.Build.0 = Debug|Any CPU
		{4A9FB13D-8615-4FB5-858B-7ECB3F0DDEE0}.Release|Any CPU.ActiveCfg = Release|Any CPU
		{4A9FB13D-8615-4FB5-858B-7ECB3F0DDEE0}.Release|Any CPU.Build.0 = Release|Any CPU
		{7A6DDF54-F090-4FE3-8CB2-16775946A40E}.Debug|Any CPU.ActiveCfg = Debug|Any CPU
		{7A6DDF54-F090-4FE3-8CB2-16775946A40E}.Debug|Any CPU.Build.0 = Debug|Any CPU
		{7A6DDF54-F090-4FE3-8CB2-16775946A40E}.Release|Any CPU.ActiveCfg = Release|Any CPU
		{7A6DDF54-F090-4FE3-8CB2-16775946A40E}.Release|Any CPU.Build.0 = Release|Any CPU
		{6290E240-4EF2-44DB-BCF7-2D58FDB99CCA}.Debug|Any CPU.ActiveCfg = Debug|Any CPU
		{6290E240-4EF2-44DB-BCF7-2D58FDB99CCA}.Debug|Any CPU.Build.0 = Debug|Any CPU
		{6290E240-4EF2-44DB-BCF7-2D58FDB99CCA}.Release|Any CPU.ActiveCfg = Release|Any CPU
		{6290E240-4EF2-44DB-BCF7-2D58FDB99CCA}.Release|Any CPU.Build.0 = Release|Any CPU
		{D92FD400-5285-437D-BE4D-EAC1C6A40C25}.Debug|Any CPU.ActiveCfg = Debug|Any CPU
		{D92FD400-5285-437D-BE4D-EAC1C6A40C25}.Debug|Any CPU.Build.0 = Debug|Any CPU
		{D92FD400-5285-437D-BE4D-EAC1C6A40C25}.Release|Any CPU.ActiveCfg = Release|Any CPU
		{D92FD400-5285-437D-BE4D-EAC1C6A40C25}.Release|Any CPU.Build.0 = Release|Any CPU
	EndGlobalSection
	GlobalSection(SolutionProperties) = preSolution
		HideSolutionNode = FALSE
	EndGlobalSection
	GlobalSection(NestedProjects) = preSolution
		{4A9FB13D-8615-4FB5-858B-7ECB3F0DDEE0} = {2E135C7E-0FF4-4285-9ACA-B2918A908BB9}
		{6290E240-4EF2-44DB-BCF7-2D58FDB99CCA} = {2E135C7E-0FF4-4285-9ACA-B2918A908BB9}
		{7A6DDF54-F090-4FE3-8CB2-16775946A40E} = {1112831E-4DA9-4889-B0F0-638DD5A2D3B3}
	EndGlobalSection
EndGlobal
